
Microsoft Visual Studio Solution File, Format Version 12.00
# Visual Studio 2013
VisualStudioVersion = 12.0.31101.0
MinimumVisualStudioVersion = 10.0.40219.1
Project("{FAE04EC0-301F-11D3-BF4B-00C04F79EFBC}") = "Hipster DNS", "Hipster DNS\Hipster DNS.csproj", "{030CF0CD-8DC7-4FF5-B644-24F204FD6644}"
EndProject
Project("{6141683F-8A12-4E36-9623-2EB02B2C2303}") = "Setup", "Setup\Setup.isproj", "{E4D6485E-E7B5-4853-90EB-E89EB7196889}"
	ProjectSection(ProjectDependencies) = postProject
		{030CF0CD-8DC7-4FF5-B644-24F204FD6644} = {030CF0CD-8DC7-4FF5-B644-24F204FD6644}
	EndProjectSection
EndProject
Global
	GlobalSection(SolutionConfigurationPlatforms) = preSolution
		CD_ROM|Any CPU = CD_ROM|Any CPU
		Debug|Any CPU = Debug|Any CPU
		DVD-5|Any CPU = DVD-5|Any CPU
		Release|Any CPU = Release|Any CPU
		SingleImage|Any CPU = SingleImage|Any CPU
	EndGlobalSection
	GlobalSection(ProjectConfigurationPlatforms) = postSolution
		{030CF0CD-8DC7-4FF5-B644-24F204FD6644}.CD_ROM|Any CPU.ActiveCfg = Release|Any CPU
		{030CF0CD-8DC7-4FF5-B644-24F204FD6644}.CD_ROM|Any CPU.Build.0 = Release|Any CPU
		{030CF0CD-8DC7-4FF5-B644-24F204FD6644}.Debug|Any CPU.ActiveCfg = Debug|Any CPU
		{030CF0CD-8DC7-4FF5-B644-24F204FD6644}.Debug|Any CPU.Build.0 = Debug|Any CPU
		{030CF0CD-8DC7-4FF5-B644-24F204FD6644}.DVD-5|Any CPU.ActiveCfg = Debug|Any CPU
		{030CF0CD-8DC7-4FF5-B644-24F204FD6644}.DVD-5|Any CPU.Build.0 = Debug|Any CPU
		{030CF0CD-8DC7-4FF5-B644-24F204FD6644}.Release|Any CPU.ActiveCfg = Release|Any CPU
		{030CF0CD-8DC7-4FF5-B644-24F204FD6644}.Release|Any CPU.Build.0 = Release|Any CPU
		{030CF0CD-8DC7-4FF5-B644-24F204FD6644}.SingleImage|Any CPU.ActiveCfg = Release|Any CPU
		{030CF0CD-8DC7-4FF5-B644-24F204FD6644}.SingleImage|Any CPU.Build.0 = Release|Any CPU
		{E4D6485E-E7B5-4853-90EB-E89EB7196889}.CD_ROM|Any CPU.ActiveCfg = CD_ROM
		{E4D6485E-E7B5-4853-90EB-E89EB7196889}.CD_ROM|Any CPU.Build.0 = CD_ROM
		{E4D6485E-E7B5-4853-90EB-E89EB7196889}.Debug|Any CPU.ActiveCfg = DVD-5
		{E4D6485E-E7B5-4853-90EB-E89EB7196889}.Debug|Any CPU.Build.0 = DVD-5
		{E4D6485E-E7B5-4853-90EB-E89EB7196889}.DVD-5|Any CPU.ActiveCfg = DVD-5
		{E4D6485E-E7B5-4853-90EB-E89EB7196889}.DVD-5|Any CPU.Build.0 = DVD-5
		{E4D6485E-E7B5-4853-90EB-E89EB7196889}.Release|Any CPU.ActiveCfg = SingleImage
		{E4D6485E-E7B5-4853-90EB-E89EB7196889}.Release|Any CPU.Build.0 = SingleImage
		{E4D6485E-E7B5-4853-90EB-E89EB7196889}.SingleImage|Any CPU.ActiveCfg = SingleImage
		{E4D6485E-E7B5-4853-90EB-E89EB7196889}.SingleImage|Any CPU.Build.0 = SingleImage
	EndGlobalSection
	GlobalSection(SolutionProperties) = preSolution
		HideSolutionNode = FALSE
	EndGlobalSection
EndGlobal
